{
  "name": "flumedb-delete",
  "version": "1.0.0",
  "lockfileVersion": 1,
  "requires": true,
  "dependencies": {
    "aligned-block-file": {
      "version": "1.1.4",
      "resolved": "https://registry.npmjs.org/aligned-block-file/-/aligned-block-file-1.1.4.tgz",
      "integrity": "sha512-KE27h781ueGONLqSBY2ik6LJRr9vo0L/i3GGhtQgJfCk0MO2QNSgrXZVCk2t7UeZKYTxcTfl+yBgcZWqBiAGPQ==",
      "requires": {
        "hashlru": "^2.1.0",
        "int53": "^0.2.4",
        "mkdirp": "^0.5.1",
        "obv": "0.0.0",
        "uint48be": "^1.0.1"
      }
    },
    "append-batch": {
      "version": "0.0.1",
      "resolved": "https://registry.npmjs.org/append-batch/-/append-batch-0.0.1.tgz",
      "integrity": "sha1-kiSFjlVpl8zAfxHx7poShTKqDSU="
    },
    "balanced-match": {
      "version": "1.0.0",
      "resolved": "https://registry.npmjs.org/balanced-match/-/balanced-match-1.0.0.tgz",
      "integrity": "sha1-ibTRmasr7kneFk6gK4nORi1xt2c="
    },
    "brace-expansion": {
      "version": "1.1.11",
      "resolved": "https://registry.npmjs.org/brace-expansion/-/brace-expansion-1.1.11.tgz",
      "integrity": "sha512-iCuPHDFgrHX7H2vEI/5xpz07zSHB00TpugqhmYtVmMO6518mCuRMoOYFldEBl0g187ufozdaHgWKcYFb61qGiA==",
      "requires": {
        "balanced-match": "^1.0.0",
        "concat-map": "0.0.1"
      }
    },
    "concat-map": {
      "version": "0.0.1",
      "resolved": "https://registry.npmjs.org/concat-map/-/concat-map-0.0.1.tgz",
      "integrity": "sha1-2Klr13/Wjfd5OnMDajug1UBdR3s="
    },
    "cont": {
      "version": "1.0.3",
      "resolved": "https://registry.npmjs.org/cont/-/cont-1.0.3.tgz",
      "integrity": "sha1-aHTx6TX8qZ0EjK6qrZoK6wILzOA=",
      "requires": {
        "continuable": "~1.2.0",
        "continuable-para": "~1.2.0",
        "continuable-series": "~1.2.0"
      }
    },
    "continuable": {
      "version": "1.2.0",
      "resolved": "https://registry.npmjs.org/continuable/-/continuable-1.2.0.tgz",
      "integrity": "sha1-CCd0aNQRNiAAdMz4cpQwjRafJbY="
    },
    "continuable-hash": {
      "version": "0.1.4",
      "resolved": "https://registry.npmjs.org/continuable-hash/-/continuable-hash-0.1.4.tgz",
      "integrity": "sha1-gcdNQXcdjJJ4Ph4A5fEbNNbfx4w=",
      "requires": {
        "continuable": "~1.1.6"
      },
      "dependencies": {
        "continuable": {
          "version": "1.1.8",
          "resolved": "https://registry.npmjs.org/continuable/-/continuable-1.1.8.tgz",
          "integrity": "sha1-3Id7R0FghwrjvN6HM2Jo6+UFl9U="
        }
      }
    },
    "continuable-list": {
      "version": "0.1.6",
      "resolved": "https://registry.npmjs.org/continuable-list/-/continuable-list-0.1.6.tgz",
      "integrity": "sha1-h88G7FgHFuEN/5X7C4TF8OisrF8=",
      "requires": {
        "continuable": "~1.1.6"
      },
      "dependencies": {
        "continuable": {
          "version": "1.1.8",
          "resolved": "https://registry.npmjs.org/continuable/-/continuable-1.1.8.tgz",
          "integrity": "sha1-3Id7R0FghwrjvN6HM2Jo6+UFl9U="
        }
      }
    },
    "continuable-para": {
      "version": "1.2.0",
      "resolved": "https://registry.npmjs.org/continuable-para/-/continuable-para-1.2.0.tgz",
      "integrity": "sha1-RFUQ9klFndD8NchyAVFGEicxxYM=",
      "requires": {
        "continuable-hash": "~0.1.4",
        "continuable-list": "~0.1.5"
      }
    },
    "continuable-series": {
      "version": "1.2.0",
      "resolved": "https://registry.npmjs.org/continuable-series/-/continuable-series-1.2.0.tgz",
      "integrity": "sha1-MkM5euk6cdZVswJoNKUVkLlYueg="
    },
    "explain-error": {
      "version": "1.0.4",
      "resolved": "https://registry.npmjs.org/explain-error/-/explain-error-1.0.4.tgz",
      "integrity": "sha1-p5PTrAytTGq1cemWj7urbLJTKSk="
    },
    "flumecodec": {
      "version": "0.0.1",
      "resolved": "https://registry.npmjs.org/flumecodec/-/flumecodec-0.0.1.tgz",
      "integrity": "sha1-rgSacUOGu4PjQmV6gpJLcDZKkNY=",
      "requires": {
        "level-codec": "^6.2.0"
      }
    },
    "flumedb": {
      "version": "1.0.1",
      "resolved": "https://registry.npmjs.org/flumedb/-/flumedb-1.0.1.tgz",
      "integrity": "sha512-mT0v0dY9EkWRGwDtTfavYNv2Z6nrMNlVZCNJD7qxjfPJymfv8kNYB4UvDdBHleHegvzjufjnE73IkRG5DgMjww==",
      "requires": {
        "cont": "^1.0.3",
        "explain-error": "^1.0.3",
        "obv": "0.0.1",
        "pull-cont": "0.0.0",
        "pull-looper": "^1.0.0",
        "pull-stream": "^3.5.0"
      },
      "dependencies": {
        "obv": {
          "version": "0.0.1",
          "resolved": "https://registry.npmjs.org/obv/-/obv-0.0.1.tgz",
          "integrity": "sha1-yyNhBjQVNvDaxIFeBnCCIcrX+14="
        }
      }
    },
    "flumelog-memory": {
      "version": "0.1.3",
      "resolved": "https://registry.npmjs.org/flumelog-memory/-/flumelog-memory-0.1.3.tgz",
      "integrity": "sha1-Vw9ylErN01xzDiFraCw00a+JBlE=",
      "requires": {
        "append-batch": "0.0.1",
        "mkdirp": "^0.5.1",
        "obv": "0.0.0",
        "pull-cursor": "^2.1.3",
        "pull-file": "^1.0.0",
        "pull-split": "^0.2.0",
        "pull-stream": "^3.5.0"
      }
    },
    "flumelog-offset": {
      "version": "3.3.2",
      "resolved": "https://registry.npmjs.org/flumelog-offset/-/flumelog-offset-3.3.2.tgz",
      "integrity": "sha512-KG0TCb+cWuEvnL44xjBhVNu+jRmJ8Msh2b1krYb4FllLwSbjreaCU/hH3uzv+HmUrtU/EhJepcAu79WxLH3EZQ==",
      "requires": {
        "aligned-block-file": "^1.1.2",
        "append-batch": "^0.0.1",
        "explain-error": "^1.0.3",
        "hashlru": "^2.2.0",
        "int53": "^0.2.4",
        "looper": "^4.0.0",
        "ltgt": "^2.1.3",
        "obv": "0.0.1",
        "pull-cursor": "^3.0.0",
        "pull-looper": "^1.0.0",
        "uint48be": "^1.0.1"
      },
      "dependencies": {
        "obv": {
          "version": "0.0.1",
          "resolved": "https://registry.npmjs.org/obv/-/obv-0.0.1.tgz",
          "integrity": "sha1-yyNhBjQVNvDaxIFeBnCCIcrX+14="
        },
        "pull-cursor": {
          "version": "3.0.0",
          "resolved": "https://registry.npmjs.org/pull-cursor/-/pull-cursor-3.0.0.tgz",
          "integrity": "sha512-95lZVSF2eSEdOmUtlOBaD9p5YOvlYeCr5FBv2ySqcj/4rpaXI6d8OH+zPHHjKAf58R8QXJRZuyfHkcCX8TZbAg==",
          "requires": {
            "looper": "^4.0.0",
            "ltgt": "^2.2.0",
            "pull-stream": "^3.6.0"
          }
        }
      }
    },
    "glob": {
      "version": "6.0.4",
      "resolved": "https://registry.npmjs.org/glob/-/glob-6.0.4.tgz",
      "integrity": "sha1-DwiGD2oVUSey+t1PnOJLGqtuTSI=",
      "requires": {
        "inflight": "^1.0.4",
        "inherits": "2",
        "minimatch": "2 || 3",
        "once": "^1.3.0",
        "path-is-absolute": "^1.0.0"
      }
    },
    "hashlru": {
      "version": "2.3.0",
      "resolved": "https://registry.npmjs.org/hashlru/-/hashlru-2.3.0.tgz",
      "integrity": "sha512-0cMsjjIC8I+D3M44pOQdsy0OHXGLVz6Z0beRuufhKa0KfaD2wGwAev6jILzXsd3/vpnNQJmWyZtIILqM1N+n5A=="
    },
    "inflight": {
      "version": "1.0.6",
      "resolved": "https://registry.npmjs.org/inflight/-/inflight-1.0.6.tgz",
      "integrity": "sha1-Sb1jMdfQLQwJvJEKEHW6gWW1bfk=",
      "requires": {
        "once": "^1.3.0",
        "wrappy": "1"
      }
    },
    "inherits": {
      "version": "2.0.3",
      "resolved": "https://registry.npmjs.org/inherits/-/inherits-2.0.3.tgz",
      "integrity": "sha1-Yzwsg+PaQqUC9SRmAiSA9CCCYd4="
    },
    "int53": {
      "version": "0.2.4",
      "resolved": "https://registry.npmjs.org/int53/-/int53-0.2.4.tgz",
      "integrity": "sha1-XtjXqtbFxlZ8rmmqf/xKEJ7oD4Y="
    },
    "level-codec": {
      "version": "6.2.0",
      "resolved": "https://registry.npmjs.org/level-codec/-/level-codec-6.2.0.tgz",
      "integrity": "sha1-pLUkS7akwvcj1oodZOmAxTYn2dQ="
    },
    "looper": {
      "version": "4.0.0",
      "resolved": "https://registry.npmjs.org/looper/-/looper-4.0.0.tgz",
      "integrity": "sha1-dwat7VmpntygbmtUu4bI7BnJUVU="
    },
    "ltgt": {
      "version": "2.2.1",
      "resolved": "https://registry.npmjs.org/ltgt/-/ltgt-2.2.1.tgz",
      "integrity": "sha1-81ypHEk/e3PaDgdJUwTxezH4fuU="
    },
    "minimatch": {
      "version": "3.0.4",
      "resolved": "https://registry.npmjs.org/minimatch/-/minimatch-3.0.4.tgz",
      "integrity": "sha512-yJHVQEhyqPLUTgt9B83PXu6W3rx4MvvHvSUvToogpwoGDOUQ+yDrR0HRot+yOCdCO7u4hX3pWft6kWBBcqh0UA==",
      "requires": {
        "brace-expansion": "^1.1.7"
      }
    },
    "minimist": {
      "version": "0.0.8",
      "resolved": "http://registry.npmjs.org/minimist/-/minimist-0.0.8.tgz",
      "integrity": "sha1-hX/Kv8M5fSYluCKCYuhqp6ARsF0="
    },
    "mkdirp": {
      "version": "0.5.1",
      "resolved": "http://registry.npmjs.org/mkdirp/-/mkdirp-0.5.1.tgz",
      "integrity": "sha1-MAV0OOrGz3+MR2fzhkjWaX11yQM=",
      "requires": {
        "minimist": "0.0.8"
      }
    },
    "mv": {
      "version": "2.1.1",
      "resolved": "https://registry.npmjs.org/mv/-/mv-2.1.1.tgz",
      "integrity": "sha1-rmzg1vbV4KT32JN5jQPB6pVZtqI=",
      "requires": {
        "mkdirp": "~0.5.1",
        "ncp": "~2.0.0",
        "rimraf": "~2.4.0"
      }
    },
    "ncp": {
      "version": "2.0.0",
      "resolved": "http://registry.npmjs.org/ncp/-/ncp-2.0.0.tgz",
      "integrity": "sha1-GVoh1sRuNh0vsSgbo4uR6d9727M="
    },
    "obv": {
      "version": "0.0.0",
      "resolved": "https://registry.npmjs.org/obv/-/obv-0.0.0.tgz",
      "integrity": "sha1-7eq4Ro+R1BkzYu1/kdC5bdOaecE="
    },
    "once": {
      "version": "1.4.0",
      "resolved": "https://registry.npmjs.org/once/-/once-1.4.0.tgz",
      "integrity": "sha1-WDsap3WWHUsROsF9nFC6753Xa9E=",
      "requires": {
        "wrappy": "1"
      }
    },
    "path-is-absolute": {
      "version": "1.0.1",
      "resolved": "http://registry.npmjs.org/path-is-absolute/-/path-is-absolute-1.0.1.tgz",
      "integrity": "sha1-F0uSaHNVNP+8es5r9TpanhtcX18="
    },
    "pull-cont": {
      "version": "0.0.0",
      "resolved": "https://registry.npmjs.org/pull-cont/-/pull-cont-0.0.0.tgz",
      "integrity": "sha1-P6xIuBrJe3W6ATMgiLDOevjBvg4="
    },
    "pull-cursor": {
      "version": "2.1.3",
      "resolved": "https://registry.npmjs.org/pull-cursor/-/pull-cursor-2.1.3.tgz",
      "integrity": "sha1-Ah6X19I9eK9mrda4wcF/1v2xK2w=",
      "requires": {
        "looper": "^4.0.0",
        "ltgt": "^2.2.0",
        "pull-stream": "^3.6.0"
      }
    },
    "pull-file": {
      "version": "1.1.0",
      "resolved": "https://registry.npmjs.org/pull-file/-/pull-file-1.1.0.tgz",
      "integrity": "sha1-HdmHYF1jV6DSPB5Lgm95FaIVEpw=",
      "requires": {
        "pull-utf8-decoder": "^1.0.2"
      }
    },
    "pull-looper": {
      "version": "1.0.0",
      "resolved": "https://registry.npmjs.org/pull-looper/-/pull-looper-1.0.0.tgz",
      "integrity": "sha512-djlD60A6NGe5goLdP5pgbqzMEiWmk1bInuAzBp0QOH4vDrVwh05YDz6UP8+pOXveKEk8wHVP+rB2jBrK31QMPA==",
      "requires": {
        "looper": "^4.0.0"
      }
    },
    "pull-split": {
      "version": "0.2.0",
      "resolved": "https://registry.npmjs.org/pull-split/-/pull-split-0.2.0.tgz",
      "integrity": "sha1-mW0ohTEFIgmoMTiK0NKB3zyCN5Y=",
      "requires": {
        "pull-through": "~1.0.6"
      }
    },
    "pull-stream": {
      "version": "3.6.9",
      "resolved": "https://registry.npmjs.org/pull-stream/-/pull-stream-3.6.9.tgz",
      "integrity": "sha512-hJn4POeBrkttshdNl0AoSCVjMVSuBwuHocMerUdoZ2+oIUzrWHFTwJMlbHND7OiKLVgvz6TFj8ZUVywUMXccbw=="
    },
    "pull-through": {
      "version": "1.0.18",
      "resolved": "https://registry.npmjs.org/pull-through/-/pull-through-1.0.18.tgz",
      "integrity": "sha1-jdYjFCY+Wc9Qlur7sSeitu8xBzU=",
      "requires": {
        "looper": "~3.0.0"
      },
      "dependencies": {
        "looper": {
          "version": "3.0.0",
          "resolved": "https://registry.npmjs.org/looper/-/looper-3.0.0.tgz",
          "integrity": "sha1-LvpUw7HLq6m5Su4uWRSwvlf7t0k="
        }
      }
    },
    "pull-utf8-decoder": {
      "version": "1.0.2",
      "resolved": "https://registry.npmjs.org/pull-utf8-decoder/-/pull-utf8-decoder-1.0.2.tgz",
      "integrity": "sha1-p6+iOE0eZBWl1gIFQSbMjeO8vOc="
    },
    "rimraf": {
      "version": "2.4.5",
      "resolved": "http://registry.npmjs.org/rimraf/-/rimraf-2.4.5.tgz",
      "integrity": "sha1-7nEM5dk6j9uFb7Xqj/Di11k0sto=",
      "requires": {
        "glob": "^6.0.1"
      }
    },
    "uint48be": {
      "version": "1.0.2",
      "resolved": "https://registry.npmjs.org/uint48be/-/uint48be-1.0.2.tgz",
      "integrity": "sha512-jNn1eEi81BLiZfJkjbiAKPDMj7iFrturKazqpBu0aJYLr6evgkn+9rgkX/gUwPBj5j2Ri5oUelsqC/S1zmpWBA=="
    },
    "wrappy": {
      "version": "1.0.2",
      "resolved": "https://registry.npmjs.org/wrappy/-/wrappy-1.0.2.tgz",
      "integrity": "sha1-tSQ9jz7BqjXxNkYFvA0QNuMKtp8="
    }
  }
}
