{
  "name": "flumedb-delete",
  "version": "1.0.0",
  "lockfileVersion": 1,
  "requires": true,
  "dependencies": {
    "append-batch": {
      "version": "0.0.1",
      "resolved": "https://registry.npmjs.org/append-batch/-/append-batch-0.0.1.tgz",
      "integrity": "sha1-kiSFjlVpl8zAfxHx7poShTKqDSU="
    },
    "cont": {
      "version": "1.0.3",
      "resolved": "https://registry.npmjs.org/cont/-/cont-1.0.3.tgz",
      "integrity": "sha1-aHTx6TX8qZ0EjK6qrZoK6wILzOA=",
      "requires": {
        "continuable": "~1.2.0",
        "continuable-para": "~1.2.0",
        "continuable-series": "~1.2.0"
      }
    },
    "continuable": {
      "version": "1.2.0",
      "resolved": "https://registry.npmjs.org/continuable/-/continuable-1.2.0.tgz",
      "integrity": "sha1-CCd0aNQRNiAAdMz4cpQwjRafJbY="
    },
    "continuable-hash": {
      "version": "0.1.4",
      "resolved": "https://registry.npmjs.org/continuable-hash/-/continuable-hash-0.1.4.tgz",
      "integrity": "sha1-gcdNQXcdjJJ4Ph4A5fEbNNbfx4w=",
      "requires": {
        "continuable": "~1.1.6"
      },
      "dependencies": {
        "continuable": {
          "version": "1.1.8",
          "resolved": "https://registry.npmjs.org/continuable/-/continuable-1.1.8.tgz",
          "integrity": "sha1-3Id7R0FghwrjvN6HM2Jo6+UFl9U="
        }
      }
    },
    "continuable-list": {
      "version": "0.1.6",
      "resolved": "https://registry.npmjs.org/continuable-list/-/continuable-list-0.1.6.tgz",
      "integrity": "sha1-h88G7FgHFuEN/5X7C4TF8OisrF8=",
      "requires": {
        "continuable": "~1.1.6"
      },
      "dependencies": {
        "continuable": {
          "version": "1.1.8",
          "resolved": "https://registry.npmjs.org/continuable/-/continuable-1.1.8.tgz",
          "integrity": "sha1-3Id7R0FghwrjvN6HM2Jo6+UFl9U="
        }
      }
    },
    "continuable-para": {
      "version": "1.2.0",
      "resolved": "https://registry.npmjs.org/continuable-para/-/continuable-para-1.2.0.tgz",
      "integrity": "sha1-RFUQ9klFndD8NchyAVFGEicxxYM=",
      "requires": {
        "continuable-hash": "~0.1.4",
        "continuable-list": "~0.1.5"
      }
    },
    "continuable-series": {
      "version": "1.2.0",
      "resolved": "https://registry.npmjs.org/continuable-series/-/continuable-series-1.2.0.tgz",
      "integrity": "sha1-MkM5euk6cdZVswJoNKUVkLlYueg="
    },
    "explain-error": {
      "version": "1.0.4",
      "resolved": "https://registry.npmjs.org/explain-error/-/explain-error-1.0.4.tgz",
      "integrity": "sha1-p5PTrAytTGq1cemWj7urbLJTKSk="
    },
    "flumedb": {
      "version": "1.0.1",
      "resolved": "https://registry.npmjs.org/flumedb/-/flumedb-1.0.1.tgz",
      "integrity": "sha512-mT0v0dY9EkWRGwDtTfavYNv2Z6nrMNlVZCNJD7qxjfPJymfv8kNYB4UvDdBHleHegvzjufjnE73IkRG5DgMjww==",
      "requires": {
        "cont": "^1.0.3",
        "explain-error": "^1.0.3",
        "obv": "0.0.1",
        "pull-cont": "0.0.0",
        "pull-looper": "^1.0.0",
        "pull-stream": "^3.5.0"
      },
      "dependencies": {
        "obv": {
          "version": "0.0.1",
          "resolved": "https://registry.npmjs.org/obv/-/obv-0.0.1.tgz",
          "integrity": "sha1-yyNhBjQVNvDaxIFeBnCCIcrX+14="
        }
      }
    },
    "flumelog-memory": {
      "version": "0.1.3",
      "resolved": "https://registry.npmjs.org/flumelog-memory/-/flumelog-memory-0.1.3.tgz",
      "integrity": "sha1-Vw9ylErN01xzDiFraCw00a+JBlE=",
      "requires": {
        "append-batch": "0.0.1",
        "mkdirp": "^0.5.1",
        "obv": "0.0.0",
        "pull-cursor": "^2.1.3",
        "pull-file": "^1.0.0",
        "pull-split": "^0.2.0",
        "pull-stream": "^3.5.0"
      }
    },
    "looper": {
      "version": "4.0.0",
      "resolved": "https://registry.npmjs.org/looper/-/looper-4.0.0.tgz",
      "integrity": "sha1-dwat7VmpntygbmtUu4bI7BnJUVU="
    },
    "ltgt": {
      "version": "2.2.1",
      "resolved": "https://registry.npmjs.org/ltgt/-/ltgt-2.2.1.tgz",
      "integrity": "sha1-81ypHEk/e3PaDgdJUwTxezH4fuU="
    },
    "minimist": {
      "version": "0.0.8",
      "resolved": "http://registry.npmjs.org/minimist/-/minimist-0.0.8.tgz",
      "integrity": "sha1-hX/Kv8M5fSYluCKCYuhqp6ARsF0="
    },
    "mkdirp": {
      "version": "0.5.1",
      "resolved": "http://registry.npmjs.org/mkdirp/-/mkdirp-0.5.1.tgz",
      "integrity": "sha1-MAV0OOrGz3+MR2fzhkjWaX11yQM=",
      "requires": {
        "minimist": "0.0.8"
      }
    },
    "obv": {
      "version": "0.0.0",
      "resolved": "https://registry.npmjs.org/obv/-/obv-0.0.0.tgz",
      "integrity": "sha1-7eq4Ro+R1BkzYu1/kdC5bdOaecE="
    },
    "pull-cont": {
      "version": "0.0.0",
      "resolved": "https://registry.npmjs.org/pull-cont/-/pull-cont-0.0.0.tgz",
      "integrity": "sha1-P6xIuBrJe3W6ATMgiLDOevjBvg4="
    },
    "pull-cursor": {
      "version": "2.1.3",
      "resolved": "https://registry.npmjs.org/pull-cursor/-/pull-cursor-2.1.3.tgz",
      "integrity": "sha1-Ah6X19I9eK9mrda4wcF/1v2xK2w=",
      "requires": {
        "looper": "^4.0.0",
        "ltgt": "^2.2.0",
        "pull-stream": "^3.6.0"
      }
    },
    "pull-file": {
      "version": "1.1.0",
      "resolved": "https://registry.npmjs.org/pull-file/-/pull-file-1.1.0.tgz",
      "integrity": "sha1-HdmHYF1jV6DSPB5Lgm95FaIVEpw=",
      "requires": {
        "pull-utf8-decoder": "^1.0.2"
      }
    },
    "pull-looper": {
      "version": "1.0.0",
      "resolved": "https://registry.npmjs.org/pull-looper/-/pull-looper-1.0.0.tgz",
      "integrity": "sha512-djlD60A6NGe5goLdP5pgbqzMEiWmk1bInuAzBp0QOH4vDrVwh05YDz6UP8+pOXveKEk8wHVP+rB2jBrK31QMPA==",
      "requires": {
        "looper": "^4.0.0"
      }
    },
    "pull-split": {
      "version": "0.2.0",
      "resolved": "https://registry.npmjs.org/pull-split/-/pull-split-0.2.0.tgz",
      "integrity": "sha1-mW0ohTEFIgmoMTiK0NKB3zyCN5Y=",
      "requires": {
        "pull-through": "~1.0.6"
      }
    },
    "pull-stream": {
      "version": "3.6.9",
      "resolved": "https://registry.npmjs.org/pull-stream/-/pull-stream-3.6.9.tgz",
      "integrity": "sha512-hJn4POeBrkttshdNl0AoSCVjMVSuBwuHocMerUdoZ2+oIUzrWHFTwJMlbHND7OiKLVgvz6TFj8ZUVywUMXccbw=="
    },
    "pull-through": {
      "version": "1.0.18",
      "resolved": "https://registry.npmjs.org/pull-through/-/pull-through-1.0.18.tgz",
      "integrity": "sha1-jdYjFCY+Wc9Qlur7sSeitu8xBzU=",
      "requires": {
        "looper": "~3.0.0"
      },
      "dependencies": {
        "looper": {
          "version": "3.0.0",
          "resolved": "https://registry.npmjs.org/looper/-/looper-3.0.0.tgz",
          "integrity": "sha1-LvpUw7HLq6m5Su4uWRSwvlf7t0k="
        }
      }
    },
    "pull-utf8-decoder": {
      "version": "1.0.2",
      "resolved": "https://registry.npmjs.org/pull-utf8-decoder/-/pull-utf8-decoder-1.0.2.tgz",
      "integrity": "sha1-p6+iOE0eZBWl1gIFQSbMjeO8vOc="
    }
  }
}
